
Microsoft Visual Studio Solution File, Format Version 12.00
# Visual Studio Version 16
VisualStudioVersion = 16.0.30225.117
MinimumVisualStudioVersion = 10.0.40219.1
Project("{FAE04EC0-301F-11D3-BF4B-00C04F79EFBC}") = "Section10_Exercicio_Proposto", "Section10_Exercicio_Proposto\Section10_Exercicio_Proposto.csproj", "{65ECDF48-77CA-458D-AE24-90AC6F450049}"
EndProject
Global
	GlobalSection(SolutionConfigurationPlatforms) = preSolution
		Debug|Any CPU = Debug|Any CPU
		Release|Any CPU = Release|Any CPU
	EndGlobalSection
	GlobalSection(ProjectConfigurationPlatforms) = postSolution
		{65ECDF48-77CA-458D-AE24-90AC6F450049}.Debug|Any CPU.ActiveCfg = Debug|Any CPU
		{65ECDF48-77CA-458D-AE24-90AC6F450049}.Debug|Any CPU.Build.0 = Debug|Any CPU
		{65ECDF48-77CA-458D-AE24-90AC6F450049}.Release|Any CPU.ActiveCfg = Release|Any CPU
		{65ECDF48-77CA-458D-AE24-90AC6F450049}.Release|Any CPU.Build.0 = Release|Any CPU
	EndGlobalSection
	GlobalSection(SolutionProperties) = preSolution
		HideSolutionNode = FALSE
	EndGlobalSection
	GlobalSection(ExtensibilityGlobals) = postSolution
		SolutionGuid = {6C87F2B9-4364-4335-A726-CC313CD2AADF}
	EndGlobalSection
EndGlobal
